
Microsoft Visual Studio Solution File, Format Version 12.00
# Visual Studio Version 17
VisualStudioVersion = 17.12.35527.113 d17.12
MinimumVisualStudioVersion = 10.0.40219.1
Project("{FAE04EC0-301F-11D3-BF4B-00C04F79EFBC}") = "ChallengeB", "ChallengeB\ChallengeB.csproj", "{A6572FF3-19F7-4B1C-99BC-F759742B8F48}"
EndProject
Project("{FAE04EC0-301F-11D3-BF4B-00C04F79EFBC}") = "ChallengeA", "ChallengeA\ChallengeA.csproj", "{01AC9933-C87F-4F7A-8EB3-584CA55AEE32}"
EndProject
Global
	GlobalSection(SolutionConfigurationPlatforms) = preSolution
		Debug|Any CPU = Debug|Any CPU
		Release|Any CPU = Release|Any CPU
	EndGlobalSection
	GlobalSection(ProjectConfigurationPlatforms) = postSolution
		{A6572FF3-19F7-4B1C-99BC-F759742B8F48}.Debug|Any CPU.ActiveCfg = Debug|Any CPU
		{A6572FF3-19F7-4B1C-99BC-F759742B8F48}.Debug|Any CPU.Build.0 = Debug|Any CPU
		{A6572FF3-19F7-4B1C-99BC-F759742B8F48}.Release|Any CPU.ActiveCfg = Release|Any CPU
		{A6572FF3-19F7-4B1C-99BC-F759742B8F48}.Release|Any CPU.Build.0 = Release|Any CPU
		{01AC9933-C87F-4F7A-8EB3-584CA55AEE32}.Debug|Any CPU.ActiveCfg = Debug|Any CPU
		{01AC9933-C87F-4F7A-8EB3-584CA55AEE32}.Debug|Any CPU.Build.0 = Debug|Any CPU
		{01AC9933-C87F-4F7A-8EB3-584CA55AEE32}.Release|Any CPU.ActiveCfg = Release|Any CPU
		{01AC9933-C87F-4F7A-8EB3-584CA55AEE32}.Release|Any CPU.Build.0 = Release|Any CPU
	EndGlobalSection
	GlobalSection(SolutionProperties) = preSolution
		HideSolutionNode = FALSE
	EndGlobalSection
EndGlobal
